
Microsoft Visual Studio Solution File, Format Version 12.00
# Visual Studio Version 16
VisualStudioVersion = 16.0.29911.84
MinimumVisualStudioVersion = 10.0.40219.1
Project("{FAE04EC0-301F-11D3-BF4B-00C04F79EFBC}") = "WebApplicationExample", "WebApplicationExample\WebApplicationExample.csproj", "{BEE9B4AE-BF0E-40D1-92CC-A1A9DF17BB8A}"
EndProject
Global
	GlobalSection(SolutionConfigurationPlatforms) = preSolution
		Debug|Any CPU = Debug|Any CPU
		Release|Any CPU = Release|Any CPU
	EndGlobalSection
	GlobalSection(ProjectConfigurationPlatforms) = postSolution
		{BEE9B4AE-BF0E-40D1-92CC-A1A9DF17BB8A}.Debug|Any CPU.ActiveCfg = Debug|Any CPU
		{BEE9B4AE-BF0E-40D1-92CC-A1A9DF17BB8A}.Debug|Any CPU.Build.0 = Debug|Any CPU
		{BEE9B4AE-BF0E-40D1-92CC-A1A9DF17BB8A}.Release|Any CPU.ActiveCfg = Release|Any CPU
		{BEE9B4AE-BF0E-40D1-92CC-A1A9DF17BB8A}.Release|Any CPU.Build.0 = Release|Any CPU
	EndGlobalSection
	GlobalSection(SolutionProperties) = preSolution
		HideSolutionNode = FALSE
	EndGlobalSection
	GlobalSection(ExtensibilityGlobals) = postSolution
		SolutionGuid = {D2E951A2-A2AB-4381-BF83-741F43165CF9}
	EndGlobalSection
EndGlobal
